
Microsoft Visual Studio Solution File, Format Version 12.00
# Visual Studio Version 16
VisualStudioVersion = 16.0.29519.181
MinimumVisualStudioVersion = 10.0.40219.1
Project("{FAE04EC0-301F-11D3-BF4B-00C04F79EFBC}") = "ProjekatASP.Domain", "ProjekatASP.Domain\ProjekatASP.Domain.csproj", "{519C0F67-5057-4BD9-81F6-D7BE32DCC22C}"
EndProject
Project("{FAE04EC0-301F-11D3-BF4B-00C04F79EFBC}") = "ProjekatASP.Application", "ProjekatASP.Application\ProjekatASP.Application.csproj", "{0AD148B6-38D0-4A40-994D-A1C1CA7B19FA}"
EndProject
Project("{FAE04EC0-301F-11D3-BF4B-00C04F79EFBC}") = "ProjekatASP.EfDataAccess", "ProjekatASP.EfDataAccess\ProjekatASP.EfDataAccess.csproj", "{4B8E4E4D-ECC0-43AB-9022-2BD336DA004D}"
EndProject
Project("{FAE04EC0-301F-11D3-BF4B-00C04F79EFBC}") = "ProjekatASP.Implementation", "ProjekatASP.Implementation\ProjekatASP.Implementation.csproj", "{E9832FDC-0449-4A74-A9D2-2201EF32F0A2}"
EndProject
Project("{FAE04EC0-301F-11D3-BF4B-00C04F79EFBC}") = "ProjekatASP.Api", "ProjekatASP.Api\ProjekatASP.Api.csproj", "{6D97B5A8-53D8-481A-9BBC-2E540D7E6FC2}"
EndProject
Global
	GlobalSection(SolutionConfigurationPlatforms) = preSolution
		Debug|Any CPU = Debug|Any CPU
		Release|Any CPU = Release|Any CPU
	EndGlobalSection
	GlobalSection(ProjectConfigurationPlatforms) = postSolution
		{519C0F67-5057-4BD9-81F6-D7BE32DCC22C}.Debug|Any CPU.ActiveCfg = Debug|Any CPU
		{519C0F67-5057-4BD9-81F6-D7BE32DCC22C}.Debug|Any CPU.Build.0 = Debug|Any CPU
		{519C0F67-5057-4BD9-81F6-D7BE32DCC22C}.Release|Any CPU.ActiveCfg = Release|Any CPU
		{519C0F67-5057-4BD9-81F6-D7BE32DCC22C}.Release|Any CPU.Build.0 = Release|Any CPU
		{0AD148B6-38D0-4A40-994D-A1C1CA7B19FA}.Debug|Any CPU.ActiveCfg = Debug|Any CPU
		{0AD148B6-38D0-4A40-994D-A1C1CA7B19FA}.Debug|Any CPU.Build.0 = Debug|Any CPU
		{0AD148B6-38D0-4A40-994D-A1C1CA7B19FA}.Release|Any CPU.ActiveCfg = Release|Any CPU
		{0AD148B6-38D0-4A40-994D-A1C1CA7B19FA}.Release|Any CPU.Build.0 = Release|Any CPU
		{4B8E4E4D-ECC0-43AB-9022-2BD336DA004D}.Debug|Any CPU.ActiveCfg = Debug|Any CPU
		{4B8E4E4D-ECC0-43AB-9022-2BD336DA004D}.Debug|Any CPU.Build.0 = Debug|Any CPU
		{4B8E4E4D-ECC0-43AB-9022-2BD336DA004D}.Release|Any CPU.ActiveCfg = Release|Any CPU
		{4B8E4E4D-ECC0-43AB-9022-2BD336DA004D}.Release|Any CPU.Build.0 = Release|Any CPU
		{E9832FDC-0449-4A74-A9D2-2201EF32F0A2}.Debug|Any CPU.ActiveCfg = Debug|Any CPU
		{E9832FDC-0449-4A74-A9D2-2201EF32F0A2}.Debug|Any CPU.Build.0 = Debug|Any CPU
		{E9832FDC-0449-4A74-A9D2-2201EF32F0A2}.Release|Any CPU.ActiveCfg = Release|Any CPU
		{E9832FDC-0449-4A74-A9D2-2201EF32F0A2}.Release|Any CPU.Build.0 = Release|Any CPU
		{6D97B5A8-53D8-481A-9BBC-2E540D7E6FC2}.Debug|Any CPU.ActiveCfg = Debug|Any CPU
		{6D97B5A8-53D8-481A-9BBC-2E540D7E6FC2}.Debug|Any CPU.Build.0 = Debug|Any CPU
		{6D97B5A8-53D8-481A-9BBC-2E540D7E6FC2}.Release|Any CPU.ActiveCfg = Release|Any CPU
		{6D97B5A8-53D8-481A-9BBC-2E540D7E6FC2}.Release|Any CPU.Build.0 = Release|Any CPU
	EndGlobalSection
	GlobalSection(SolutionProperties) = preSolution
		HideSolutionNode = FALSE
	EndGlobalSection
	GlobalSection(ExtensibilityGlobals) = postSolution
		SolutionGuid = {0D16BB91-AA5B-4188-8069-E9CB85F4CF86}
	EndGlobalSection
EndGlobal
